// !$*UTF8*$!
{
	archiveVersion = 1;
	classes = {
	};
	objectVersion = 70;
	objects = {

/* Begin PBXBuildFile section */
		8A4FB41B2F04626300FD1417 /* ci_post_clone.sh in Resources */ = {isa = PBXBuildFile; fileRef = 8A4FB4192F04626300FD1417 /* ci_post_clone.sh */; };
		8AA903AB2BDF993500D553A9 /* Get in Frameworks */ = {isa = PBXBuildFile; productRef = 8AA903AA2BDF993500D553A9 /* Get */; };
		8AA903AD2BDF993A00D553A9 /* Get in Frameworks */ = {isa = PBXBuildFile; productRef = 8AA903AC2BDF993A00D553A9 /* Get */; };
		8AA903AF2BDF993D00D553A9 /* Get in Frameworks */ = {isa = PBXBuildFile; productRef = 8AA903AE2BDF993D00D553A9 /* Get */; };
		8AD888C02F040A9E00CBCFF7 /* SQLiteData in Frameworks */ = {isa = PBXBuildFile; productRef = 8AD888BF2F040A9E00CBCFF7 /* SQLiteData */; };
/* End PBXBuildFile section */

/* Begin PBXContainerItemProxy section */
		8AA9038C2BDF940D00D553A9 /* PBXContainerItemProxy */ = {
			isa = PBXContainerItemProxy;
			containerPortal = 8AA903702BDF940C00D553A9 /* Project object */;
			proxyType = 1;
			remoteGlobalIDString = 8AA903772BDF940C00D553A9;
			remoteInfo = "Pápia";
		};
		8AA903962BDF940D00D553A9 /* PBXContainerItemProxy */ = {
			isa = PBXContainerItemProxy;
			containerPortal = 8AA903702BDF940C00D553A9 /* Project object */;
			proxyType = 1;
			remoteGlobalIDString = 8AA903772BDF940C00D553A9;
			remoteInfo = "Pápia";
		};
/* End PBXContainerItemProxy section */

/* Begin PBXCopyFilesBuildPhase section */
		8AC7B4A52CB51A1D00CBD21C /* Embed Foundation Extensions */ = {
			isa = PBXCopyFilesBuildPhase;
			buildActionMask = 2147483647;
			dstPath = "";
			dstSubfolderSpec = 13;
			files = (
			);
			name = "Embed Foundation Extensions";
			runOnlyForDeploymentPostprocessing = 0;
		};
/* End PBXCopyFilesBuildPhase section */

/* Begin PBXFileReference section */
		8A4FB4192F04626300FD1417 /* ci_post_clone.sh */ = {isa = PBXFileReference; lastKnownFileType = text.script.sh; path = ci_post_clone.sh; sourceTree = "<group>"; };
		8A8016422BE1062E005DEE89 /* Pa-pia-Info.plist */ = {isa = PBXFileReference; lastKnownFileType = text.plist.xml; path = "Pa-pia-Info.plist"; sourceTree = SOURCE_ROOT; };
		8AA903782BDF940C00D553A9 /* Papia.app */ = {isa = PBXFileReference; explicitFileType = wrapper.application; includeInIndex = 0; path = Papia.app; sourceTree = BUILT_PRODUCTS_DIR; };
		8AA9038B2BDF940D00D553A9 /* PapiaTests.xctest */ = {isa = PBXFileReference; explicitFileType = wrapper.cfbundle; includeInIndex = 0; path = PapiaTests.xctest; sourceTree = BUILT_PRODUCTS_DIR; };
		8AA903952BDF940D00D553A9 /* PapiaUITests.xctest */ = {isa = PBXFileReference; explicitFileType = wrapper.cfbundle; includeInIndex = 0; path = PapiaUITests.xctest; sourceTree = BUILT_PRODUCTS_DIR; };
		8AC7B4922CB51A1C00CBD21C /* WidgetKit.framework */ = {isa = PBXFileReference; lastKnownFileType = wrapper.framework; name = WidgetKit.framework; path = System/Library/Frameworks/WidgetKit.framework; sourceTree = SDKROOT; };
		8AC7B4942CB51A1C00CBD21C /* SwiftUI.framework */ = {isa = PBXFileReference; lastKnownFileType = wrapper.framework; name = SwiftUI.framework; path = System/Library/Frameworks/SwiftUI.framework; sourceTree = SDKROOT; };
/* End PBXFileReference section */

/* Begin PBXFileSystemSynchronizedBuildFileExceptionSet section */
		8AA6F48E2F01418D00EC2740 /* PBXFileSystemSynchronizedBuildFileExceptionSet */ = {
			isa = PBXFileSystemSynchronizedBuildFileExceptionSet;
			membershipExceptions = (
				scrabble/english/README.md,
				scrabble/README.md,
				wordle/readme.md,
			);
			target = 8AA903772BDF940C00D553A9 /* Papia */;
		};
/* End PBXFileSystemSynchronizedBuildFileExceptionSet section */

/* Begin PBXFileSystemSynchronizedRootGroup section */
		8A6C8E702E8A6B3500D6049C /* Papia */ = {isa = PBXFileSystemSynchronizedRootGroup; exceptions = (8AA6F48E2F01418D00EC2740 /* PBXFileSystemSynchronizedBuildFileExceptionSet */, ); explicitFileTypes = {}; explicitFolders = (); path = Papia; sourceTree = "<group>"; };
		8A7F17EA2E829E220094CD3F /* PapiaTests */ = {isa = PBXFileSystemSynchronizedRootGroup; explicitFileTypes = {}; explicitFolders = (); path = PapiaTests; sourceTree = "<group>"; };
		8A7F17EE2E829E240094CD3F /* PapiaUITests */ = {isa = PBXFileSystemSynchronizedRootGroup; explicitFileTypes = {}; explicitFolders = (); path = PapiaUITests; sourceTree = "<group>"; };
/* End PBXFileSystemSynchronizedRootGroup section */

/* Begin PBXFrameworksBuildPhase section */
		8AA903752BDF940C00D553A9 /* Frameworks */ = {
			isa = PBXFrameworksBuildPhase;
			buildActionMask = 2147483647;
			files = (
				8AD888C02F040A9E00CBCFF7 /* SQLiteData in Frameworks */,
				8AA903AB2BDF993500D553A9 /* Get in Frameworks */,
			);
			runOnlyForDeploymentPostprocessing = 0;
		};
		8AA903882BDF940D00D553A9 /* Frameworks */ = {
			isa = PBXFrameworksBuildPhase;
			buildActionMask = 2147483647;
			files = (
				8AA903AD2BDF993A00D553A9 /* Get in Frameworks */,
			);
			runOnlyForDeploymentPostprocessing = 0;
		};
		8AA903922BDF940D00D553A9 /* Frameworks */ = {
			isa = PBXFrameworksBuildPhase;
			buildActionMask = 2147483647;
			files = (
				8AA903AF2BDF993D00D553A9 /* Get in Frameworks */,
			);
			runOnlyForDeploymentPostprocessing = 0;
		};
/* End PBXFrameworksBuildPhase section */

/* Begin PBXGroup section */
		8A4FB41A2F04626300FD1417 /* ci_scripts */ = {
			isa = PBXGroup;
			children = (
				8A4FB4192F04626300FD1417 /* ci_post_clone.sh */,
			);
			path = ci_scripts;
			sourceTree = "<group>";
		};
		8AA9036F2BDF940C00D553A9 = {
			isa = PBXGroup;
			children = (
				8A4FB41A2F04626300FD1417 /* ci_scripts */,
				8A8016422BE1062E005DEE89 /* Pa-pia-Info.plist */,
				8A6C8E702E8A6B3500D6049C /* Papia */,
				8A7F17EA2E829E220094CD3F /* PapiaTests */,
				8A7F17EE2E829E240094CD3F /* PapiaUITests */,
				8AA903792BDF940C00D553A9 /* Products */,
				8AA903A92BDF993500D553A9 /* Frameworks */,
			);
			sourceTree = "<group>";
		};
		8AA903792BDF940C00D553A9 /* Products */ = {
			isa = PBXGroup;
			children = (
				8AA903782BDF940C00D553A9 /* Papia.app */,
				8AA9038B2BDF940D00D553A9 /* PapiaTests.xctest */,
				8AA903952BDF940D00D553A9 /* PapiaUITests.xctest */,
			);
			name = Products;
			sourceTree = "<group>";
		};
		8AA903A92BDF993500D553A9 /* Frameworks */ = {
			isa = PBXGroup;
			children = (
				8AC7B4922CB51A1C00CBD21C /* WidgetKit.framework */,
				8AC7B4942CB51A1C00CBD21C /* SwiftUI.framework */,
			);
			name = Frameworks;
			sourceTree = "<group>";
		};
/* End PBXGroup section */

/* Begin PBXNativeTarget section */
		8AA903772BDF940C00D553A9 /* Papia */ = {
			isa = PBXNativeTarget;
			buildConfigurationList = 8AA9039F2BDF940D00D553A9 /* Build configuration list for PBXNativeTarget "Papia" */;
			buildPhases = (
				8AA903742BDF940C00D553A9 /* Sources */,
				8AA903752BDF940C00D553A9 /* Frameworks */,
				8AA903762BDF940C00D553A9 /* Resources */,
				8AC7B4A52CB51A1D00CBD21C /* Embed Foundation Extensions */,
			);
			buildRules = (
			);
			dependencies = (
			);
			fileSystemSynchronizedGroups = (
				8A6C8E702E8A6B3500D6049C /* Papia */,
			);
			name = Papia;
			packageProductDependencies = (
				8AA903AA2BDF993500D553A9 /* Get */,
				8AD888BF2F040A9E00CBCFF7 /* SQLiteData */,
			);
			productName = "Pápia";
			productReference = 8AA903782BDF940C00D553A9 /* Papia.app */;
			productType = "com.apple.product-type.application";
		};
		8AA9038A2BDF940D00D553A9 /* PapiaTests */ = {
			isa = PBXNativeTarget;
			buildConfigurationList = 8AA903A22BDF940D00D553A9 /* Build configuration list for PBXNativeTarget "PapiaTests" */;
			buildPhases = (
				8AA903872BDF940D00D553A9 /* Sources */,
				8AA903882BDF940D00D553A9 /* Frameworks */,
				8AA903892BDF940D00D553A9 /* Resources */,
			);
			buildRules = (
			);
			dependencies = (
				8AA9038D2BDF940D00D553A9 /* PBXTargetDependency */,
			);
			fileSystemSynchronizedGroups = (
				8A7F17EA2E829E220094CD3F /* PapiaTests */,
			);
			name = PapiaTests;
			packageProductDependencies = (
				8AA903AC2BDF993A00D553A9 /* Get */,
			);
			productName = "PápiaTests";
			productReference = 8AA9038B2BDF940D00D553A9 /* PapiaTests.xctest */;
			productType = "com.apple.product-type.bundle.unit-test";
		};
		8AA903942BDF940D00D553A9 /* PapiaUITests */ = {
			isa = PBXNativeTarget;
			buildConfigurationList = 8AA903A52BDF940D00D553A9 /* Build configuration list for PBXNativeTarget "PapiaUITests" */;
			buildPhases = (
				8AA903912BDF940D00D553A9 /* Sources */,
				8AA903922BDF940D00D553A9 /* Frameworks */,
				8AA903932BDF940D00D553A9 /* Resources */,
			);
			buildRules = (
			);
			dependencies = (
				8AA903972BDF940D00D553A9 /* PBXTargetDependency */,
			);
			fileSystemSynchronizedGroups = (
				8A7F17EE2E829E240094CD3F /* PapiaUITests */,
			);
			name = PapiaUITests;
			packageProductDependencies = (
				8AA903AE2BDF993D00D553A9 /* Get */,
			);
			productName = "PápiaUITests";
			productReference = 8AA903952BDF940D00D553A9 /* PapiaUITests.xctest */;
			productType = "com.apple.product-type.bundle.ui-testing";
		};
/* End PBXNativeTarget section */

/* Begin PBXProject section */
		8AA903702BDF940C00D553A9 /* Project object */ = {
			isa = PBXProject;
			attributes = {
				BuildIndependentTargetsInParallel = 1;
				LastSwiftUpdateCheck = 1600;
				LastUpgradeCheck = 2600;
				TargetAttributes = {
					8AA903772BDF940C00D553A9 = {
						CreatedOnToolsVersion = 15.3;
					};
					8AA9038A2BDF940D00D553A9 = {
						CreatedOnToolsVersion = 15.3;
						TestTargetID = 8AA903772BDF940C00D553A9;
					};
					8AA903942BDF940D00D553A9 = {
						CreatedOnToolsVersion = 15.3;
						TestTargetID = 8AA903772BDF940C00D553A9;
					};
				};
			};
			buildConfigurationList = 8AA903732BDF940C00D553A9 /* Build configuration list for PBXProject "Papia" */;
			compatibilityVersion = "Xcode 14.0";
			developmentRegion = en;
			hasScannedForEncodings = 0;
			knownRegions = (
				en,
				Base,
			);
			mainGroup = 8AA9036F2BDF940C00D553A9;
			packageReferences = (
				8AA903A82BDF982700D553A9 /* XCRemoteSwiftPackageReference "Get" */,
				8AD888BE2F040A9E00CBCFF7 /* XCRemoteSwiftPackageReference "sqlite-data" */,
			);
			productRefGroup = 8AA903792BDF940C00D553A9 /* Products */;
			projectDirPath = "";
			projectRoot = "";
			targets = (
				8AA903772BDF940C00D553A9 /* Papia */,
				8AA9038A2BDF940D00D553A9 /* PapiaTests */,
				8AA903942BDF940D00D553A9 /* PapiaUITests */,
			);
		};
/* End PBXProject section */

/* Begin PBXResourcesBuildPhase section */
		8AA903762BDF940C00D553A9 /* Resources */ = {
			isa = PBXResourcesBuildPhase;
			buildActionMask = 2147483647;
			files = (
				8A4FB41B2F04626300FD1417 /* ci_post_clone.sh in Resources */,
			);
			runOnlyForDeploymentPostprocessing = 0;
		};
		8AA903892BDF940D00D553A9 /* Resources */ = {
			isa = PBXResourcesBuildPhase;
			buildActionMask = 2147483647;
			files = (
			);
			runOnlyForDeploymentPostprocessing = 0;
		};
		8AA903932BDF940D00D553A9 /* Resources */ = {
			isa = PBXResourcesBuildPhase;
			buildActionMask = 2147483647;
			files = (
			);
			runOnlyForDeploymentPostprocessing = 0;
		};
/* End PBXResourcesBuildPhase section */

/* Begin PBXSourcesBuildPhase section */
		8AA903742BDF940C00D553A9 /* Sources */ = {
			isa = PBXSourcesBuildPhase;
			buildActionMask = 2147483647;
			files = (
			);
			runOnlyForDeploymentPostprocessing = 0;
		};
		8AA903872BDF940D00D553A9 /* Sources */ = {
			isa = PBXSourcesBuildPhase;
			buildActionMask = 2147483647;
			files = (
			);
			runOnlyForDeploymentPostprocessing = 0;
		};
		8AA903912BDF940D00D553A9 /* Sources */ = {
			isa = PBXSourcesBuildPhase;
			buildActionMask = 2147483647;
			files = (
			);
			runOnlyForDeploymentPostprocessing = 0;
		};
/* End PBXSourcesBuildPhase section */

/* Begin PBXTargetDependency section */
		8AA9038D2BDF940D00D553A9 /* PBXTargetDependency */ = {
			isa = PBXTargetDependency;
			target = 8AA903772BDF940C00D553A9 /* Papia */;
			targetProxy = 8AA9038C2BDF940D00D553A9 /* PBXContainerItemProxy */;
		};
		8AA903972BDF940D00D553A9 /* PBXTargetDependency */ = {
			isa = PBXTargetDependency;
			target = 8AA903772BDF940C00D553A9 /* Papia */;
			targetProxy = 8AA903962BDF940D00D553A9 /* PBXContainerItemProxy */;
		};
/* End PBXTargetDependency section */

/* Begin XCBuildConfiguration section */
		8AA9039D2BDF940D00D553A9 /* Debug */ = {
			isa = XCBuildConfiguration;
			buildSettings = {
				ALWAYS_SEARCH_USER_PATHS = NO;
				ASSETCATALOG_COMPILER_GENERATE_SWIFT_ASSET_SYMBOL_EXTENSIONS = YES;
				CLANG_ANALYZER_NONNULL = YES;
				CLANG_ANALYZER_NUMBER_OBJECT_CONVERSION = YES_AGGRESSIVE;
				CLANG_CXX_LANGUAGE_STANDARD = "gnu++20";
				CLANG_ENABLE_MODULES = YES;
				CLANG_ENABLE_OBJC_ARC = YES;
				CLANG_ENABLE_OBJC_WEAK = YES;
				CLANG_WARN_BLOCK_CAPTURE_AUTORELEASING = YES;
				CLANG_WARN_BOOL_CONVERSION = YES;
				CLANG_WARN_COMMA = YES;
				CLANG_WARN_CONSTANT_CONVERSION = YES;
				CLANG_WARN_DEPRECATED_OBJC_IMPLEMENTATIONS = YES;
				CLANG_WARN_DIRECT_OBJC_ISA_USAGE = YES_ERROR;
				CLANG_WARN_DOCUMENTATION_COMMENTS = YES;
				CLANG_WARN_EMPTY_BODY = YES;
				CLANG_WARN_ENUM_CONVERSION = YES;
				CLANG_WARN_INFINITE_RECURSION = YES;
				CLANG_WARN_INT_CONVERSION = YES;
				CLANG_WARN_NON_LITERAL_NULL_CONVERSION = YES;
				CLANG_WARN_OBJC_IMPLICIT_RETAIN_SELF = YES;
				CLANG_WARN_OBJC_LITERAL_CONVERSION = YES;
				CLANG_WARN_OBJC_ROOT_CLASS = YES_ERROR;
				CLANG_WARN_QUOTED_INCLUDE_IN_FRAMEWORK_HEADER = YES;
				CLANG_WARN_RANGE_LOOP_ANALYSIS = YES;
				CLANG_WARN_STRICT_PROTOTYPES = YES;
				CLANG_WARN_SUSPICIOUS_MOVE = YES;
				CLANG_WARN_UNGUARDED_AVAILABILITY = YES_AGGRESSIVE;
				CLANG_WARN_UNREACHABLE_CODE = YES;
				CLANG_WARN__DUPLICATE_METHOD_MATCH = YES;
				COPY_PHASE_STRIP = NO;
				DEAD_CODE_STRIPPING = YES;
				DEBUG_INFORMATION_FORMAT = dwarf;
				DEVELOPMENT_TEAM = RT5BSWJB4U;
				ENABLE_STRICT_OBJC_MSGSEND = YES;
				ENABLE_TESTABILITY = YES;
				ENABLE_USER_SCRIPT_SANDBOXING = YES;
				GCC_C_LANGUAGE_STANDARD = gnu17;
				GCC_DYNAMIC_NO_PIC = NO;
				GCC_NO_COMMON_BLOCKS = YES;
				GCC_OPTIMIZATION_LEVEL = 0;
				GCC_PREPROCESSOR_DEFINITIONS = (
					"DEBUG=1",
					"$(inherited)",
				);
				GCC_WARN_64_TO_32_BIT_CONVERSION = YES;
				GCC_WARN_ABOUT_RETURN_TYPE = YES_ERROR;
				GCC_WARN_UNDECLARED_SELECTOR = YES;
				GCC_WARN_UNINITIALIZED_AUTOS = YES_AGGRESSIVE;
				GCC_WARN_UNUSED_FUNCTION = YES;
				GCC_WARN_UNUSED_VARIABLE = YES;
				LOCALIZATION_PREFERS_STRING_CATALOGS = YES;
				MTL_ENABLE_DEBUG_INFO = INCLUDE_SOURCE;
				MTL_FAST_MATH = YES;
				ONLY_ACTIVE_ARCH = YES;
				STRING_CATALOG_GENERATE_SYMBOLS = YES;
				SWIFT_ACTIVE_COMPILATION_CONDITIONS = "DEBUG $(inherited)";
				SWIFT_OPTIMIZATION_LEVEL = "-Onone";
			};
			name = Debug;
		};
		8AA9039E2BDF940D00D553A9 /* Release */ = {
			isa = XCBuildConfiguration;
			buildSettings = {
				ALWAYS_SEARCH_USER_PATHS = NO;
				ASSETCATALOG_COMPILER_GENERATE_SWIFT_ASSET_SYMBOL_EXTENSIONS = YES;
				CLANG_ANALYZER_NONNULL = YES;
				CLANG_ANALYZER_NUMBER_OBJECT_CONVERSION = YES_AGGRESSIVE;
				CLANG_CXX_LANGUAGE_STANDARD = "gnu++20";
				CLANG_ENABLE_MODULES = YES;
				CLANG_ENABLE_OBJC_ARC = YES;
				CLANG_ENABLE_OBJC_WEAK = YES;
				CLANG_WARN_BLOCK_CAPTURE_AUTORELEASING = YES;
				CLANG_WARN_BOOL_CONVERSION = YES;
				CLANG_WARN_COMMA = YES;
				CLANG_WARN_CONSTANT_CONVERSION = YES;
				CLANG_WARN_DEPRECATED_OBJC_IMPLEMENTATIONS = YES;
				CLANG_WARN_DIRECT_OBJC_ISA_USAGE = YES_ERROR;
				CLANG_WARN_DOCUMENTATION_COMMENTS = YES;
				CLANG_WARN_EMPTY_BODY = YES;
				CLANG_WARN_ENUM_CONVERSION = YES;
				CLANG_WARN_INFINITE_RECURSION = YES;
				CLANG_WARN_INT_CONVERSION = YES;
				CLANG_WARN_NON_LITERAL_NULL_CONVERSION = YES;
				CLANG_WARN_OBJC_IMPLICIT_RETAIN_SELF = YES;
				CLANG_WARN_OBJC_LITERAL_CONVERSION = YES;
				CLANG_WARN_OBJC_ROOT_CLASS = YES_ERROR;
				CLANG_WARN_QUOTED_INCLUDE_IN_FRAMEWORK_HEADER = YES;
				CLANG_WARN_RANGE_LOOP_ANALYSIS = YES;
				CLANG_WARN_STRICT_PROTOTYPES = YES;
				CLANG_WARN_SUSPICIOUS_MOVE = YES;
				CLANG_WARN_UNGUARDED_AVAILABILITY = YES_AGGRESSIVE;
				CLANG_WARN_UNREACHABLE_CODE = YES;
				CLANG_WARN__DUPLICATE_METHOD_MATCH = YES;
				COPY_PHASE_STRIP = NO;
				DEAD_CODE_STRIPPING = YES;
				DEBUG_INFORMATION_FORMAT = "dwarf-with-dsym";
				DEVELOPMENT_TEAM = RT5BSWJB4U;
				ENABLE_NS_ASSERTIONS = NO;
				ENABLE_STRICT_OBJC_MSGSEND = YES;
				ENABLE_USER_SCRIPT_SANDBOXING = YES;
				GCC_C_LANGUAGE_STANDARD = gnu17;
				GCC_NO_COMMON_BLOCKS = YES;
				GCC_WARN_64_TO_32_BIT_CONVERSION = YES;
				GCC_WARN_ABOUT_RETURN_TYPE = YES_ERROR;
				GCC_WARN_UNDECLARED_SELECTOR = YES;
				GCC_WARN_UNINITIALIZED_AUTOS = YES_AGGRESSIVE;
				GCC_WARN_UNUSED_FUNCTION = YES;
				GCC_WARN_UNUSED_VARIABLE = YES;
				LOCALIZATION_PREFERS_STRING_CATALOGS = YES;
				MTL_ENABLE_DEBUG_INFO = NO;
				MTL_FAST_MATH = YES;
				STRING_CATALOG_GENERATE_SYMBOLS = YES;
				SWIFT_COMPILATION_MODE = wholemodule;
			};
			name = Release;
		};
		8AA903A02BDF940D00D553A9 /* Debug */ = {
			isa = XCBuildConfiguration;
			buildSettings = {
				ASSETCATALOG_COMPILER_APPICON_NAME = "AppIcon-Beta";
				ASSETCATALOG_COMPILER_GLOBAL_ACCENT_COLOR_NAME = AccentColor;
				CODE_SIGN_ENTITLEMENTS = "Pápia/Pa_pia.entitlements";
				CODE_SIGN_STYLE = Automatic;
				DEAD_CODE_STRIPPING = YES;
				DEVELOPMENT_ASSET_PATHS = "\"Pápia/Preview Content\"";
				ENABLE_APP_SANDBOX = YES;
				ENABLE_HARDENED_RUNTIME = YES;
				ENABLE_OUTGOING_NETWORK_CONNECTIONS = YES;
				ENABLE_PREVIEWS = YES;
				ENABLE_USER_SELECTED_FILES = readonly;
				GENERATE_INFOPLIST_FILE = YES;
				INFOPLIST_FILE = "Pa-pia-Info.plist";
				INFOPLIST_KEY_CFBundleDisplayName = "Pápia";
				INFOPLIST_KEY_LSApplicationCategoryType = "public.app-category.lifestyle";
				"INFOPLIST_KEY_UIApplicationSceneManifest_Generation[sdk=iphoneos*]" = YES;
				"INFOPLIST_KEY_UIApplicationSceneManifest_Generation[sdk=iphonesimulator*]" = YES;
				"INFOPLIST_KEY_UIApplicationSupportsIndirectInputEvents[sdk=iphoneos*]" = YES;
				"INFOPLIST_KEY_UIApplicationSupportsIndirectInputEvents[sdk=iphonesimulator*]" = YES;
				"INFOPLIST_KEY_UILaunchScreen_Generation[sdk=iphoneos*]" = YES;
				"INFOPLIST_KEY_UILaunchScreen_Generation[sdk=iphonesimulator*]" = YES;
				"INFOPLIST_KEY_UIStatusBarStyle[sdk=iphoneos*]" = UIStatusBarStyleDefault;
				"INFOPLIST_KEY_UIStatusBarStyle[sdk=iphonesimulator*]" = UIStatusBarStyleDefault;
				INFOPLIST_KEY_UISupportedInterfaceOrientations_iPad = "UIInterfaceOrientationPortrait UIInterfaceOrientationPortraitUpsideDown UIInterfaceOrientationLandscapeLeft UIInterfaceOrientationLandscapeRight";
				INFOPLIST_KEY_UISupportedInterfaceOrientations_iPhone = "UIInterfaceOrientationPortrait UIInterfaceOrientationLandscapeLeft UIInterfaceOrientationLandscapeRight";
				IPHONEOS_DEPLOYMENT_TARGET = 26.0;
				LD_RUNPATH_SEARCH_PATHS = "@executable_path/Frameworks";
				"LD_RUNPATH_SEARCH_PATHS[sdk=macosx*]" = "@executable_path/../Frameworks";
				MACOSX_DEPLOYMENT_TARGET = 26.0;
				MARKETING_VERSION = 1.0;
				PRODUCT_BUNDLE_IDENTIFIER = "com.stefkors.Pa-pia";
				PRODUCT_NAME = "$(TARGET_NAME)";
				SDKROOT = auto;
				SUPPORTED_PLATFORMS = "iphoneos iphonesimulator macosx";
				SUPPORTS_MACCATALYST = NO;
				SWIFT_EMIT_LOC_STRINGS = YES;
				SWIFT_VERSION = 5.0;
				TARGETED_DEVICE_FAMILY = 1;
			};
			name = Debug;
		};
		8AA903A12BDF940D00D553A9 /* Release */ = {
			isa = XCBuildConfiguration;
			buildSettings = {
				ASSETCATALOG_COMPILER_APPICON_NAME = AppIcon;
				ASSETCATALOG_COMPILER_GLOBAL_ACCENT_COLOR_NAME = AccentColor;
				CODE_SIGN_ENTITLEMENTS = "Pápia/Pa_pia.entitlements";
				CODE_SIGN_STYLE = Automatic;
				DEAD_CODE_STRIPPING = YES;
				DEVELOPMENT_ASSET_PATHS = "\"Pápia/Preview Content\"";
				ENABLE_APP_SANDBOX = YES;
				ENABLE_HARDENED_RUNTIME = YES;
				ENABLE_OUTGOING_NETWORK_CONNECTIONS = YES;
				ENABLE_PREVIEWS = YES;
				ENABLE_USER_SELECTED_FILES = readonly;
				GENERATE_INFOPLIST_FILE = YES;
				INFOPLIST_FILE = "Pa-pia-Info.plist";
				INFOPLIST_KEY_CFBundleDisplayName = "Pápia";
				INFOPLIST_KEY_LSApplicationCategoryType = "public.app-category.lifestyle";
				"INFOPLIST_KEY_UIApplicationSceneManifest_Generation[sdk=iphoneos*]" = YES;
				"INFOPLIST_KEY_UIApplicationSceneManifest_Generation[sdk=iphonesimulator*]" = YES;
				"INFOPLIST_KEY_UIApplicationSupportsIndirectInputEvents[sdk=iphoneos*]" = YES;
				"INFOPLIST_KEY_UIApplicationSupportsIndirectInputEvents[sdk=iphonesimulator*]" = YES;
				"INFOPLIST_KEY_UILaunchScreen_Generation[sdk=iphoneos*]" = YES;
				"INFOPLIST_KEY_UILaunchScreen_Generation[sdk=iphonesimulator*]" = YES;
				"INFOPLIST_KEY_UIStatusBarStyle[sdk=iphoneos*]" = UIStatusBarStyleDefault;
				"INFOPLIST_KEY_UIStatusBarStyle[sdk=iphonesimulator*]" = UIStatusBarStyleDefault;
				INFOPLIST_KEY_UISupportedInterfaceOrientations_iPad = "UIInterfaceOrientationPortrait UIInterfaceOrientationPortraitUpsideDown UIInterfaceOrientationLandscapeLeft UIInterfaceOrientationLandscapeRight";
				INFOPLIST_KEY_UISupportedInterfaceOrientations_iPhone = "UIInterfaceOrientationPortrait UIInterfaceOrientationLandscapeLeft UIInterfaceOrientationLandscapeRight";
				IPHONEOS_DEPLOYMENT_TARGET = 26.0;
				LD_RUNPATH_SEARCH_PATHS = "@executable_path/Frameworks";
				"LD_RUNPATH_SEARCH_PATHS[sdk=macosx*]" = "@executable_path/../Frameworks";
				MACOSX_DEPLOYMENT_TARGET = 26.0;
				MARKETING_VERSION = 1.0;
				PRODUCT_BUNDLE_IDENTIFIER = "com.stefkors.Pa-pia";
				PRODUCT_NAME = "$(TARGET_NAME)";
				SDKROOT = auto;
				SUPPORTED_PLATFORMS = "iphoneos iphonesimulator macosx";
				SUPPORTS_MACCATALYST = NO;
				SWIFT_EMIT_LOC_STRINGS = YES;
				SWIFT_VERSION = 5.0;
				TARGETED_DEVICE_FAMILY = 1;
			};
			name = Release;
		};
		8AA903A32BDF940D00D553A9 /* Debug */ = {
			isa = XCBuildConfiguration;
			buildSettings = {
				BUNDLE_LOADER = "$(TEST_HOST)";
				CODE_SIGN_STYLE = Automatic;
				CURRENT_PROJECT_VERSION = 1;
				DEAD_CODE_STRIPPING = YES;
				GENERATE_INFOPLIST_FILE = YES;
				IPHONEOS_DEPLOYMENT_TARGET = 17.4;
				MACOSX_DEPLOYMENT_TARGET = 14.4;
				MARKETING_VERSION = 1.0;
				PRODUCT_BUNDLE_IDENTIFIER = "com.stefkors.Pa-piaTests";
				PRODUCT_NAME = "$(TARGET_NAME)";
				SDKROOT = auto;
				SUPPORTED_PLATFORMS = "iphoneos iphonesimulator macosx";
				SWIFT_EMIT_LOC_STRINGS = NO;
				SWIFT_VERSION = 5.0;
				TARGETED_DEVICE_FAMILY = "1,2";
				TEST_HOST = "$(BUILT_PRODUCTS_DIR)/Papia.app/$(BUNDLE_EXECUTABLE_FOLDER_PATH)/Papia";
			};
			name = Debug;
		};
		8AA903A42BDF940D00D553A9 /* Release */ = {
			isa = XCBuildConfiguration;
			buildSettings = {
				BUNDLE_LOADER = "$(TEST_HOST)";
				CODE_SIGN_STYLE = Automatic;
				CURRENT_PROJECT_VERSION = 1;
				DEAD_CODE_STRIPPING = YES;
				GENERATE_INFOPLIST_FILE = YES;
				IPHONEOS_DEPLOYMENT_TARGET = 17.4;
				MACOSX_DEPLOYMENT_TARGET = 14.4;
				MARKETING_VERSION = 1.0;
				PRODUCT_BUNDLE_IDENTIFIER = "com.stefkors.Pa-piaTests";
				PRODUCT_NAME = "$(TARGET_NAME)";
				SDKROOT = auto;
				SUPPORTED_PLATFORMS = "iphoneos iphonesimulator macosx";
				SWIFT_EMIT_LOC_STRINGS = NO;
				SWIFT_VERSION = 5.0;
				TARGETED_DEVICE_FAMILY = "1,2";
				TEST_HOST = "$(BUILT_PRODUCTS_DIR)/Papia.app/$(BUNDLE_EXECUTABLE_FOLDER_PATH)/Papia";
			};
			name = Release;
		};
		8AA903A62BDF940D00D553A9 /* Debug */ = {
			isa = XCBuildConfiguration;
			buildSettings = {
				CODE_SIGN_STYLE = Automatic;
				CURRENT_PROJECT_VERSION = 1;
				DEAD_CODE_STRIPPING = YES;
				GENERATE_INFOPLIST_FILE = YES;
				IPHONEOS_DEPLOYMENT_TARGET = 17.4;
				MACOSX_DEPLOYMENT_TARGET = 14.4;
				MARKETING_VERSION = 1.0;
				PRODUCT_BUNDLE_IDENTIFIER = "com.stefkors.Pa-piaUITests";
				PRODUCT_NAME = "$(TARGET_NAME)";
				SDKROOT = auto;
				SUPPORTED_PLATFORMS = "iphoneos iphonesimulator macosx";
				SWIFT_EMIT_LOC_STRINGS = NO;
				SWIFT_VERSION = 5.0;
				TARGETED_DEVICE_FAMILY = "1,2";
				TEST_TARGET_NAME = "Pápia";
			};
			name = Debug;
		};
		8AA903A72BDF940D00D553A9 /* Release */ = {
			isa = XCBuildConfiguration;
			buildSettings = {
				CODE_SIGN_STYLE = Automatic;
				CURRENT_PROJECT_VERSION = 1;
				DEAD_CODE_STRIPPING = YES;
				GENERATE_INFOPLIST_FILE = YES;
				IPHONEOS_DEPLOYMENT_TARGET = 17.4;
				MACOSX_DEPLOYMENT_TARGET = 14.4;
				MARKETING_VERSION = 1.0;
				PRODUCT_BUNDLE_IDENTIFIER = "com.stefkors.Pa-piaUITests";
				PRODUCT_NAME = "$(TARGET_NAME)";
				SDKROOT = auto;
				SUPPORTED_PLATFORMS = "iphoneos iphonesimulator macosx";
				SWIFT_EMIT_LOC_STRINGS = NO;
				SWIFT_VERSION = 5.0;
				TARGETED_DEVICE_FAMILY = "1,2";
				TEST_TARGET_NAME = "Pápia";
			};
			name = Release;
		};
/* End XCBuildConfiguration section */

/* Begin XCConfigurationList section */
		8AA903732BDF940C00D553A9 /* Build configuration list for PBXProject "Papia" */ = {
			isa = XCConfigurationList;
			buildConfigurations = (
				8AA9039D2BDF940D00D553A9 /* Debug */,
				8AA9039E2BDF940D00D553A9 /* Release */,
			);
			defaultConfigurationIsVisible = 0;
			defaultConfigurationName = Release;
		};
		8AA9039F2BDF940D00D553A9 /* Build configuration list for PBXNativeTarget "Papia" */ = {
			isa = XCConfigurationList;
			buildConfigurations = (
				8AA903A02BDF940D00D553A9 /* Debug */,
				8AA903A12BDF940D00D553A9 /* Release */,
			);
			defaultConfigurationIsVisible = 0;
			defaultConfigurationName = Release;
		};
		8AA903A22BDF940D00D553A9 /* Build configuration list for PBXNativeTarget "PapiaTests" */ = {
			isa = XCConfigurationList;
			buildConfigurations = (
				8AA903A32BDF940D00D553A9 /* Debug */,
				8AA903A42BDF940D00D553A9 /* Release */,
			);
			defaultConfigurationIsVisible = 0;
			defaultConfigurationName = Release;
		};
		8AA903A52BDF940D00D553A9 /* Build configuration list for PBXNativeTarget "PapiaUITests" */ = {
			isa = XCConfigurationList;
			buildConfigurations = (
				8AA903A62BDF940D00D553A9 /* Debug */,
				8AA903A72BDF940D00D553A9 /* Release */,
			);
			defaultConfigurationIsVisible = 0;
			defaultConfigurationName = Release;
		};
/* End XCConfigurationList section */

/* Begin XCRemoteSwiftPackageReference section */
		8AA903A82BDF982700D553A9 /* XCRemoteSwiftPackageReference "Get" */ = {
			isa = XCRemoteSwiftPackageReference;
			repositoryURL = "https://github.com/kean/Get.git";
			requirement = {
				kind = upToNextMajorVersion;
				minimumVersion = 2.2.0;
			};
		};
		8AD888BE2F040A9E00CBCFF7 /* XCRemoteSwiftPackageReference "sqlite-data" */ = {
			isa = XCRemoteSwiftPackageReference;
			repositoryURL = "https://github.com/pointfreeco/sqlite-data.git";
			requirement = {
				kind = upToNextMajorVersion;
				minimumVersion = 1.4.2;
			};
		};
/* End XCRemoteSwiftPackageReference section */

/* Begin XCSwiftPackageProductDependency section */
		8AA903AA2BDF993500D553A9 /* Get */ = {
			isa = XCSwiftPackageProductDependency;
			package = 8AA903A82BDF982700D553A9 /* XCRemoteSwiftPackageReference "Get" */;
			productName = Get;
		};
		8AA903AC2BDF993A00D553A9 /* Get */ = {
			isa = XCSwiftPackageProductDependency;
			package = 8AA903A82BDF982700D553A9 /* XCRemoteSwiftPackageReference "Get" */;
			productName = Get;
		};
		8AA903AE2BDF993D00D553A9 /* Get */ = {
			isa = XCSwiftPackageProductDependency;
			package = 8AA903A82BDF982700D553A9 /* XCRemoteSwiftPackageReference "Get" */;
			productName = Get;
		};
		8AD888BF2F040A9E00CBCFF7 /* SQLiteData */ = {
			isa = XCSwiftPackageProductDependency;
			package = 8AD888BE2F040A9E00CBCFF7 /* XCRemoteSwiftPackageReference "sqlite-data" */;
			productName = SQLiteData;
		};
/* End XCSwiftPackageProductDependency section */
	};
	rootObject = 8AA903702BDF940C00D553A9 /* Project object */;
}
