// !$*UTF8*$!
{
	archiveVersion = 1;
	classes = {
	};
	objectVersion = 70;
	objects = {

/* Begin PBXBuildFile section */
		8A2643AA2D061CB700CE7447 /* FullSizePapiaIcon.swift in Sources */ = {isa = PBXBuildFile; fileRef = 8A2643A92D061CB700CE7447 /* FullSizePapiaIcon.swift */; };
		8A675EB72C11D9870018B028 /* KeyboardKey.swift in Sources */ = {isa = PBXBuildFile; fileRef = 8A675EB62C11D9860018B028 /* KeyboardKey.swift */; };
		8A7F17CF2E82913F0094CD3F /* PrimaryButtonModifier.swift in Sources */ = {isa = PBXBuildFile; fileRef = 8A7F17CE2E82913F0094CD3F /* PrimaryButtonModifier.swift */; };
		8A7F17D12E8291470094CD3F /* GlassContainerModifier.swift in Sources */ = {isa = PBXBuildFile; fileRef = 8A7F17D02E8291470094CD3F /* GlassContainerModifier.swift */; };
		8A7F17D32E8291550094CD3F /* ToolbarButtonComponent.swift in Sources */ = {isa = PBXBuildFile; fileRef = 8A7F17D22E8291550094CD3F /* ToolbarButtonComponent.swift */; };
		8A7F17D52E8291650094CD3F /* ToolbarButtonsGroup.swift in Sources */ = {isa = PBXBuildFile; fileRef = 8A7F17D42E8291650094CD3F /* ToolbarButtonsGroup.swift */; };
		8A7F17D72E8295A10094CD3F /* ScrollEdgeEffectModifier.swift in Sources */ = {isa = PBXBuildFile; fileRef = 8A7F17D62E8295A10094CD3F /* ScrollEdgeEffectModifier.swift */; };
		8A7F17D92E8295AC0094CD3F /* GlassEffectModifier.swift in Sources */ = {isa = PBXBuildFile; fileRef = 8A7F17D82E8295AC0094CD3F /* GlassEffectModifier.swift */; };
		8A7F17DB2E8295C20094CD3F /* CodableAppStorage.swift in Sources */ = {isa = PBXBuildFile; fileRef = 8A7F17DA2E8295C20094CD3F /* CodableAppStorage.swift */; };
		8A7F17DD2E8295EE0094CD3F /* iOSContentViewAdjustmentsView.swift in Sources */ = {isa = PBXBuildFile; fileRef = 8A7F17DC2E8295EE0094CD3F /* iOSContentViewAdjustmentsView.swift */; };
		8A7F17F72E82AF1D0094CD3F /* Pápia.xctestplan in Resources */ = {isa = PBXBuildFile; fileRef = 8A7F17F62E82AF1D0094CD3F /* Pápia.xctestplan */; };
		8A8016372BE0D764005DEE89 /* WordView.swift in Sources */ = {isa = PBXBuildFile; fileRef = 8A8016362BE0D764005DEE89 /* WordView.swift */; };
		8A8016392BE0DB38005DEE89 /* SearchSuggestionsView.swift in Sources */ = {isa = PBXBuildFile; fileRef = 8A8016382BE0DB38005DEE89 /* SearchSuggestionsView.swift */; };
		8A80163B2BE0DBD2005DEE89 /* SearchContentUnavailableView.swift in Sources */ = {isa = PBXBuildFile; fileRef = 8A80163A2BE0DBD2005DEE89 /* SearchContentUnavailableView.swift */; };
		8A80163D2BE0E655005DEE89 /* LargeNavigationBarTitleDisplayMode.swift in Sources */ = {isa = PBXBuildFile; fileRef = 8A80163C2BE0E655005DEE89 /* LargeNavigationBarTitleDisplayMode.swift */; };
		8AA9037C2BDF940C00D553A9 /* Pa_piaApp.swift in Sources */ = {isa = PBXBuildFile; fileRef = 8AA9037B2BDF940C00D553A9 /* Pa_piaApp.swift */; };
		8AA9037E2BDF940C00D553A9 /* ContentView.swift in Sources */ = {isa = PBXBuildFile; fileRef = 8AA9037D2BDF940C00D553A9 /* ContentView.swift */; };
		8AA903822BDF940D00D553A9 /* Assets.xcassets in Resources */ = {isa = PBXBuildFile; fileRef = 8AA903812BDF940D00D553A9 /* Assets.xcassets */; };
		8AA903AB2BDF993500D553A9 /* Get in Frameworks */ = {isa = PBXBuildFile; productRef = 8AA903AA2BDF993500D553A9 /* Get */; };
		8AA903AD2BDF993A00D553A9 /* Get in Frameworks */ = {isa = PBXBuildFile; productRef = 8AA903AC2BDF993A00D553A9 /* Get */; };
		8AA903AF2BDF993D00D553A9 /* Get in Frameworks */ = {isa = PBXBuildFile; productRef = 8AA903AE2BDF993D00D553A9 /* Get */; };
		8AA903B52BDFAFE200D553A9 /* IndeterminateProgressView.swift in Sources */ = {isa = PBXBuildFile; fileRef = 8AA903B42BDFAFE200D553A9 /* IndeterminateProgressView.swift */; };
		8AA903B72BDFB83C00D553A9 /* SearchProgress.swift in Sources */ = {isa = PBXBuildFile; fileRef = 8AA903B62BDFB83C00D553A9 /* SearchProgress.swift */; };
		8AA903B92BDFB84C00D553A9 /* ProgressIcon.swift in Sources */ = {isa = PBXBuildFile; fileRef = 8AA903B82BDFB84C00D553A9 /* ProgressIcon.swift */; };
		8AA903BD2BDFBA9D00D553A9 /* WrappingHStack.swift in Sources */ = {isa = PBXBuildFile; fileRef = 8AA903BC2BDFBA9D00D553A9 /* WrappingHStack.swift */; };
		8AB28DD32DB512730089CA2A /* Collection+AppStorage+Extension.swift in Sources */ = {isa = PBXBuildFile; fileRef = 8AB28DD22DB512730089CA2A /* Collection+AppStorage+Extension.swift */; };
		8ABBAB022C3D26470060215F /* UINavigationController+Papia.swift in Sources */ = {isa = PBXBuildFile; fileRef = 8ABBAB012C3D263D0060215F /* UINavigationController+Papia.swift */; };
		8AC220C62D4A431E001F76C4 /* HighlightAttribute.swift in Sources */ = {isa = PBXBuildFile; fileRef = 8AC220C52D4A431E001F76C4 /* HighlightAttribute.swift */; };
/* End PBXBuildFile section */

/* Begin PBXContainerItemProxy section */
		8AA9038C2BDF940D00D553A9 /* PBXContainerItemProxy */ = {
			isa = PBXContainerItemProxy;
			containerPortal = 8AA903702BDF940C00D553A9 /* Project object */;
			proxyType = 1;
			remoteGlobalIDString = 8AA903772BDF940C00D553A9;
			remoteInfo = "Pápia";
		};
		8AA903962BDF940D00D553A9 /* PBXContainerItemProxy */ = {
			isa = PBXContainerItemProxy;
			containerPortal = 8AA903702BDF940C00D553A9 /* Project object */;
			proxyType = 1;
			remoteGlobalIDString = 8AA903772BDF940C00D553A9;
			remoteInfo = "Pápia";
		};
/* End PBXContainerItemProxy section */

/* Begin PBXCopyFilesBuildPhase section */
		8AC7B4A52CB51A1D00CBD21C /* Embed Foundation Extensions */ = {
			isa = PBXCopyFilesBuildPhase;
			buildActionMask = 2147483647;
			dstPath = "";
			dstSubfolderSpec = 13;
			files = (
			);
			name = "Embed Foundation Extensions";
			runOnlyForDeploymentPostprocessing = 0;
		};
/* End PBXCopyFilesBuildPhase section */

/* Begin PBXFileReference section */
		8A2643A92D061CB700CE7447 /* FullSizePapiaIcon.swift */ = {isa = PBXFileReference; lastKnownFileType = sourcecode.swift; path = FullSizePapiaIcon.swift; sourceTree = "<group>"; };
		8A675EB62C11D9860018B028 /* KeyboardKey.swift */ = {isa = PBXFileReference; fileEncoding = 4; lastKnownFileType = sourcecode.swift; path = KeyboardKey.swift; sourceTree = "<group>"; };
		8A7F17CE2E82913F0094CD3F /* PrimaryButtonModifier.swift */ = {isa = PBXFileReference; lastKnownFileType = sourcecode.swift; path = PrimaryButtonModifier.swift; sourceTree = "<group>"; };
		8A7F17D02E8291470094CD3F /* GlassContainerModifier.swift */ = {isa = PBXFileReference; lastKnownFileType = sourcecode.swift; path = GlassContainerModifier.swift; sourceTree = "<group>"; };
		8A7F17D22E8291550094CD3F /* ToolbarButtonComponent.swift */ = {isa = PBXFileReference; lastKnownFileType = sourcecode.swift; path = ToolbarButtonComponent.swift; sourceTree = "<group>"; };
		8A7F17D42E8291650094CD3F /* ToolbarButtonsGroup.swift */ = {isa = PBXFileReference; lastKnownFileType = sourcecode.swift; path = ToolbarButtonsGroup.swift; sourceTree = "<group>"; };
		8A7F17D62E8295A10094CD3F /* ScrollEdgeEffectModifier.swift */ = {isa = PBXFileReference; lastKnownFileType = sourcecode.swift; path = ScrollEdgeEffectModifier.swift; sourceTree = "<group>"; };
		8A7F17D82E8295AC0094CD3F /* GlassEffectModifier.swift */ = {isa = PBXFileReference; lastKnownFileType = sourcecode.swift; path = GlassEffectModifier.swift; sourceTree = "<group>"; };
		8A7F17DA2E8295C20094CD3F /* CodableAppStorage.swift */ = {isa = PBXFileReference; lastKnownFileType = sourcecode.swift; path = CodableAppStorage.swift; sourceTree = "<group>"; };
		8A7F17DC2E8295EE0094CD3F /* iOSContentViewAdjustmentsView.swift */ = {isa = PBXFileReference; lastKnownFileType = sourcecode.swift; path = iOSContentViewAdjustmentsView.swift; sourceTree = "<group>"; };
		8A7F17F62E82AF1D0094CD3F /* Pápia.xctestplan */ = {isa = PBXFileReference; lastKnownFileType = text; path = "Pápia.xctestplan"; sourceTree = "<group>"; };
		8A8016362BE0D764005DEE89 /* WordView.swift */ = {isa = PBXFileReference; lastKnownFileType = sourcecode.swift; path = WordView.swift; sourceTree = "<group>"; };
		8A8016382BE0DB38005DEE89 /* SearchSuggestionsView.swift */ = {isa = PBXFileReference; lastKnownFileType = sourcecode.swift; path = SearchSuggestionsView.swift; sourceTree = "<group>"; };
		8A80163A2BE0DBD2005DEE89 /* SearchContentUnavailableView.swift */ = {isa = PBXFileReference; lastKnownFileType = sourcecode.swift; path = SearchContentUnavailableView.swift; sourceTree = "<group>"; };
		8A80163C2BE0E655005DEE89 /* LargeNavigationBarTitleDisplayMode.swift */ = {isa = PBXFileReference; lastKnownFileType = sourcecode.swift; path = LargeNavigationBarTitleDisplayMode.swift; sourceTree = "<group>"; };
		8A8016422BE1062E005DEE89 /* Pa-pia-Info.plist */ = {isa = PBXFileReference; lastKnownFileType = text.plist; path = "Pa-pia-Info.plist"; sourceTree = SOURCE_ROOT; };
		8AA903782BDF940C00D553A9 /* Pápia.app */ = {isa = PBXFileReference; explicitFileType = wrapper.application; includeInIndex = 0; path = "Pápia.app"; sourceTree = BUILT_PRODUCTS_DIR; };
		8AA9037B2BDF940C00D553A9 /* Pa_piaApp.swift */ = {isa = PBXFileReference; lastKnownFileType = sourcecode.swift; path = Pa_piaApp.swift; sourceTree = "<group>"; };
		8AA9037D2BDF940C00D553A9 /* ContentView.swift */ = {isa = PBXFileReference; lastKnownFileType = sourcecode.swift; path = ContentView.swift; sourceTree = "<group>"; };
		8AA903812BDF940D00D553A9 /* Assets.xcassets */ = {isa = PBXFileReference; lastKnownFileType = folder.assetcatalog; path = Assets.xcassets; sourceTree = "<group>"; };
		8AA903832BDF940D00D553A9 /* Pa_pia.entitlements */ = {isa = PBXFileReference; lastKnownFileType = text.plist.entitlements; path = Pa_pia.entitlements; sourceTree = "<group>"; };
		8AA9038B2BDF940D00D553A9 /* PápiaTests.xctest */ = {isa = PBXFileReference; explicitFileType = wrapper.cfbundle; includeInIndex = 0; path = "PápiaTests.xctest"; sourceTree = BUILT_PRODUCTS_DIR; };
		8AA903952BDF940D00D553A9 /* PápiaUITests.xctest */ = {isa = PBXFileReference; explicitFileType = wrapper.cfbundle; includeInIndex = 0; path = "PápiaUITests.xctest"; sourceTree = BUILT_PRODUCTS_DIR; };
		8AA903B42BDFAFE200D553A9 /* IndeterminateProgressView.swift */ = {isa = PBXFileReference; lastKnownFileType = sourcecode.swift; path = IndeterminateProgressView.swift; sourceTree = "<group>"; };
		8AA903B62BDFB83C00D553A9 /* SearchProgress.swift */ = {isa = PBXFileReference; lastKnownFileType = sourcecode.swift; path = SearchProgress.swift; sourceTree = "<group>"; };
		8AA903B82BDFB84C00D553A9 /* ProgressIcon.swift */ = {isa = PBXFileReference; lastKnownFileType = sourcecode.swift; path = ProgressIcon.swift; sourceTree = "<group>"; };
		8AA903BC2BDFBA9D00D553A9 /* WrappingHStack.swift */ = {isa = PBXFileReference; fileEncoding = 4; lastKnownFileType = sourcecode.swift; path = WrappingHStack.swift; sourceTree = "<group>"; };
		8AB28DD22DB512730089CA2A /* Collection+AppStorage+Extension.swift */ = {isa = PBXFileReference; lastKnownFileType = sourcecode.swift; path = "Collection+AppStorage+Extension.swift"; sourceTree = "<group>"; };
		8ABBAB012C3D263D0060215F /* UINavigationController+Papia.swift */ = {isa = PBXFileReference; lastKnownFileType = sourcecode.swift; path = "UINavigationController+Papia.swift"; sourceTree = "<group>"; };
		8AC220C52D4A431E001F76C4 /* HighlightAttribute.swift */ = {isa = PBXFileReference; lastKnownFileType = sourcecode.swift; path = HighlightAttribute.swift; sourceTree = "<group>"; };
		8AC7B4922CB51A1C00CBD21C /* WidgetKit.framework */ = {isa = PBXFileReference; lastKnownFileType = wrapper.framework; name = WidgetKit.framework; path = System/Library/Frameworks/WidgetKit.framework; sourceTree = SDKROOT; };
		8AC7B4942CB51A1C00CBD21C /* SwiftUI.framework */ = {isa = PBXFileReference; lastKnownFileType = wrapper.framework; name = SwiftUI.framework; path = System/Library/Frameworks/SwiftUI.framework; sourceTree = SDKROOT; };
/* End PBXFileReference section */

/* Begin PBXFileSystemSynchronizedRootGroup section */
		8A7F17E22E829E060094CD3F /* wordle */ = {isa = PBXFileSystemSynchronizedRootGroup; explicitFileTypes = {}; explicitFolders = (); path = wordle; sourceTree = "<group>"; };
		8A7F17E72E829E1C0094CD3F /* Preview Content */ = {isa = PBXFileSystemSynchronizedRootGroup; explicitFileTypes = {}; explicitFolders = (); path = "Preview Content"; sourceTree = "<group>"; };
		8A7F17EA2E829E220094CD3F /* PápiaTests */ = {isa = PBXFileSystemSynchronizedRootGroup; explicitFileTypes = {}; explicitFolders = (); path = "PápiaTests"; sourceTree = "<group>"; };
		8A7F17EE2E829E240094CD3F /* PápiaUITests */ = {isa = PBXFileSystemSynchronizedRootGroup; explicitFileTypes = {}; explicitFolders = (); path = "PápiaUITests"; sourceTree = "<group>"; };
		8A7F17F12E829E340094CD3F /* Navigation */ = {isa = PBXFileSystemSynchronizedRootGroup; explicitFileTypes = {}; explicitFolders = (); path = Navigation; sourceTree = "<group>"; };
		8A7F17F22E82A6F90094CD3F /* Model */ = {isa = PBXFileSystemSynchronizedRootGroup; explicitFileTypes = {}; explicitFolders = (); path = Model; sourceTree = "<group>"; };
/* End PBXFileSystemSynchronizedRootGroup section */

/* Begin PBXFrameworksBuildPhase section */
		8AA903752BDF940C00D553A9 /* Frameworks */ = {
			isa = PBXFrameworksBuildPhase;
			buildActionMask = 2147483647;
			files = (
				8AA903AB2BDF993500D553A9 /* Get in Frameworks */,
			);
			runOnlyForDeploymentPostprocessing = 0;
		};
		8AA903882BDF940D00D553A9 /* Frameworks */ = {
			isa = PBXFrameworksBuildPhase;
			buildActionMask = 2147483647;
			files = (
				8AA903AD2BDF993A00D553A9 /* Get in Frameworks */,
			);
			runOnlyForDeploymentPostprocessing = 0;
		};
		8AA903922BDF940D00D553A9 /* Frameworks */ = {
			isa = PBXFrameworksBuildPhase;
			buildActionMask = 2147483647;
			files = (
				8AA903AF2BDF993D00D553A9 /* Get in Frameworks */,
			);
			runOnlyForDeploymentPostprocessing = 0;
		};
/* End PBXFrameworksBuildPhase section */

/* Begin PBXGroup section */
		8AA9036F2BDF940C00D553A9 = {
			isa = PBXGroup;
			children = (
				8A7F17F62E82AF1D0094CD3F /* Pápia.xctestplan */,
				8AA9037A2BDF940C00D553A9 /* Pápia */,
				8A7F17EA2E829E220094CD3F /* PápiaTests */,
				8A7F17EE2E829E240094CD3F /* PápiaUITests */,
				8AA903792BDF940C00D553A9 /* Products */,
				8AA903A92BDF993500D553A9 /* Frameworks */,
			);
			sourceTree = "<group>";
		};
		8AA903792BDF940C00D553A9 /* Products */ = {
			isa = PBXGroup;
			children = (
				8AA903782BDF940C00D553A9 /* Pápia.app */,
				8AA9038B2BDF940D00D553A9 /* PápiaTests.xctest */,
				8AA903952BDF940D00D553A9 /* PápiaUITests.xctest */,
			);
			name = Products;
			sourceTree = "<group>";
		};
		8AA9037A2BDF940C00D553A9 /* Pápia */ = {
			isa = PBXGroup;
			children = (
				8A7F17F22E82A6F90094CD3F /* Model */,
				8A7F17F12E829E340094CD3F /* Navigation */,
				8A7F17DC2E8295EE0094CD3F /* iOSContentViewAdjustmentsView.swift */,
				8A7F17DA2E8295C20094CD3F /* CodableAppStorage.swift */,
				8A7F17D82E8295AC0094CD3F /* GlassEffectModifier.swift */,
				8A7F17D62E8295A10094CD3F /* ScrollEdgeEffectModifier.swift */,
				8A7F17D42E8291650094CD3F /* ToolbarButtonsGroup.swift */,
				8A7F17D22E8291550094CD3F /* ToolbarButtonComponent.swift */,
				8A7F17D02E8291470094CD3F /* GlassContainerModifier.swift */,
				8A7F17CE2E82913F0094CD3F /* PrimaryButtonModifier.swift */,
				8AB28DD22DB512730089CA2A /* Collection+AppStorage+Extension.swift */,
				8AC220C52D4A431E001F76C4 /* HighlightAttribute.swift */,
				8A2643A92D061CB700CE7447 /* FullSizePapiaIcon.swift */,
				8ABBAB012C3D263D0060215F /* UINavigationController+Papia.swift */,
				8A8016422BE1062E005DEE89 /* Pa-pia-Info.plist */,
				8A7F17E22E829E060094CD3F /* wordle */,
				8AA9037B2BDF940C00D553A9 /* Pa_piaApp.swift */,
				8AA9037D2BDF940C00D553A9 /* ContentView.swift */,
				8A80163C2BE0E655005DEE89 /* LargeNavigationBarTitleDisplayMode.swift */,
				8A80163A2BE0DBD2005DEE89 /* SearchContentUnavailableView.swift */,
				8A8016382BE0DB38005DEE89 /* SearchSuggestionsView.swift */,
				8A8016362BE0D764005DEE89 /* WordView.swift */,
				8AA903BC2BDFBA9D00D553A9 /* WrappingHStack.swift */,
				8A675EB62C11D9860018B028 /* KeyboardKey.swift */,
				8AA903B82BDFB84C00D553A9 /* ProgressIcon.swift */,
				8AA903B62BDFB83C00D553A9 /* SearchProgress.swift */,
				8AA903B42BDFAFE200D553A9 /* IndeterminateProgressView.swift */,
				8AA903812BDF940D00D553A9 /* Assets.xcassets */,
				8AA903832BDF940D00D553A9 /* Pa_pia.entitlements */,
				8A7F17E72E829E1C0094CD3F /* Preview Content */,
			);
			path = "Pápia";
			sourceTree = "<group>";
		};
		8AA903A92BDF993500D553A9 /* Frameworks */ = {
			isa = PBXGroup;
			children = (
				8AC7B4922CB51A1C00CBD21C /* WidgetKit.framework */,
				8AC7B4942CB51A1C00CBD21C /* SwiftUI.framework */,
			);
			name = Frameworks;
			sourceTree = "<group>";
		};
/* End PBXGroup section */

/* Begin PBXNativeTarget section */
		8AA903772BDF940C00D553A9 /* Pápia */ = {
			isa = PBXNativeTarget;
			buildConfigurationList = 8AA9039F2BDF940D00D553A9 /* Build configuration list for PBXNativeTarget "Pápia" */;
			buildPhases = (
				8AA903742BDF940C00D553A9 /* Sources */,
				8AA903752BDF940C00D553A9 /* Frameworks */,
				8AA903762BDF940C00D553A9 /* Resources */,
				8AC7B4A52CB51A1D00CBD21C /* Embed Foundation Extensions */,
			);
			buildRules = (
			);
			dependencies = (
			);
			fileSystemSynchronizedGroups = (
				8A7F17E22E829E060094CD3F /* wordle */,
				8A7F17E72E829E1C0094CD3F /* Preview Content */,
				8A7F17F12E829E340094CD3F /* Navigation */,
				8A7F17F22E82A6F90094CD3F /* Model */,
			);
			name = "Pápia";
			packageProductDependencies = (
				8AA903AA2BDF993500D553A9 /* Get */,
			);
			productName = "Pápia";
			productReference = 8AA903782BDF940C00D553A9 /* Pápia.app */;
			productType = "com.apple.product-type.application";
		};
		8AA9038A2BDF940D00D553A9 /* PápiaTests */ = {
			isa = PBXNativeTarget;
			buildConfigurationList = 8AA903A22BDF940D00D553A9 /* Build configuration list for PBXNativeTarget "PápiaTests" */;
			buildPhases = (
				8AA903872BDF940D00D553A9 /* Sources */,
				8AA903882BDF940D00D553A9 /* Frameworks */,
				8AA903892BDF940D00D553A9 /* Resources */,
			);
			buildRules = (
			);
			dependencies = (
				8AA9038D2BDF940D00D553A9 /* PBXTargetDependency */,
			);
			fileSystemSynchronizedGroups = (
				8A7F17EA2E829E220094CD3F /* PápiaTests */,
			);
			name = "PápiaTests";
			packageProductDependencies = (
				8AA903AC2BDF993A00D553A9 /* Get */,
			);
			productName = "PápiaTests";
			productReference = 8AA9038B2BDF940D00D553A9 /* PápiaTests.xctest */;
			productType = "com.apple.product-type.bundle.unit-test";
		};
		8AA903942BDF940D00D553A9 /* PápiaUITests */ = {
			isa = PBXNativeTarget;
			buildConfigurationList = 8AA903A52BDF940D00D553A9 /* Build configuration list for PBXNativeTarget "PápiaUITests" */;
			buildPhases = (
				8AA903912BDF940D00D553A9 /* Sources */,
				8AA903922BDF940D00D553A9 /* Frameworks */,
				8AA903932BDF940D00D553A9 /* Resources */,
			);
			buildRules = (
			);
			dependencies = (
				8AA903972BDF940D00D553A9 /* PBXTargetDependency */,
			);
			fileSystemSynchronizedGroups = (
				8A7F17EE2E829E240094CD3F /* PápiaUITests */,
			);
			name = "PápiaUITests";
			packageProductDependencies = (
				8AA903AE2BDF993D00D553A9 /* Get */,
			);
			productName = "PápiaUITests";
			productReference = 8AA903952BDF940D00D553A9 /* PápiaUITests.xctest */;
			productType = "com.apple.product-type.bundle.ui-testing";
		};
/* End PBXNativeTarget section */

/* Begin PBXProject section */
		8AA903702BDF940C00D553A9 /* Project object */ = {
			isa = PBXProject;
			attributes = {
				BuildIndependentTargetsInParallel = 1;
				LastSwiftUpdateCheck = 1600;
				LastUpgradeCheck = 1620;
				TargetAttributes = {
					8AA903772BDF940C00D553A9 = {
						CreatedOnToolsVersion = 15.3;
					};
					8AA9038A2BDF940D00D553A9 = {
						CreatedOnToolsVersion = 15.3;
						TestTargetID = 8AA903772BDF940C00D553A9;
					};
					8AA903942BDF940D00D553A9 = {
						CreatedOnToolsVersion = 15.3;
						TestTargetID = 8AA903772BDF940C00D553A9;
					};
				};
			};
			buildConfigurationList = 8AA903732BDF940C00D553A9 /* Build configuration list for PBXProject "Pápia" */;
			compatibilityVersion = "Xcode 14.0";
			developmentRegion = en;
			hasScannedForEncodings = 0;
			knownRegions = (
				en,
				Base,
			);
			mainGroup = 8AA9036F2BDF940C00D553A9;
			packageReferences = (
				8AA903A82BDF982700D553A9 /* XCRemoteSwiftPackageReference "Get" */,
			);
			productRefGroup = 8AA903792BDF940C00D553A9 /* Products */;
			projectDirPath = "";
			projectRoot = "";
			targets = (
				8AA903772BDF940C00D553A9 /* Pápia */,
				8AA9038A2BDF940D00D553A9 /* PápiaTests */,
				8AA903942BDF940D00D553A9 /* PápiaUITests */,
			);
		};
/* End PBXProject section */

/* Begin PBXResourcesBuildPhase section */
		8AA903762BDF940C00D553A9 /* Resources */ = {
			isa = PBXResourcesBuildPhase;
			buildActionMask = 2147483647;
			files = (
				8AA903822BDF940D00D553A9 /* Assets.xcassets in Resources */,
			);
			runOnlyForDeploymentPostprocessing = 0;
		};
		8AA903892BDF940D00D553A9 /* Resources */ = {
			isa = PBXResourcesBuildPhase;
			buildActionMask = 2147483647;
			files = (
			);
			runOnlyForDeploymentPostprocessing = 0;
		};
		8AA903932BDF940D00D553A9 /* Resources */ = {
			isa = PBXResourcesBuildPhase;
			buildActionMask = 2147483647;
			files = (
				8A7F17F72E82AF1D0094CD3F /* Pápia.xctestplan in Resources */,
			);
			runOnlyForDeploymentPostprocessing = 0;
		};
/* End PBXResourcesBuildPhase section */

/* Begin PBXSourcesBuildPhase section */
		8AA903742BDF940C00D553A9 /* Sources */ = {
			isa = PBXSourcesBuildPhase;
			buildActionMask = 2147483647;
			files = (
				8A7F17D72E8295A10094CD3F /* ScrollEdgeEffectModifier.swift in Sources */,
				8A7F17DB2E8295C20094CD3F /* CodableAppStorage.swift in Sources */,
				8A80163D2BE0E655005DEE89 /* LargeNavigationBarTitleDisplayMode.swift in Sources */,
				8A7F17D92E8295AC0094CD3F /* GlassEffectModifier.swift in Sources */,
				8A7F17D12E8291470094CD3F /* GlassContainerModifier.swift in Sources */,
				8AA9037E2BDF940C00D553A9 /* ContentView.swift in Sources */,
				8A8016392BE0DB38005DEE89 /* SearchSuggestionsView.swift in Sources */,
				8AB28DD32DB512730089CA2A /* Collection+AppStorage+Extension.swift in Sources */,
				8ABBAB022C3D26470060215F /* UINavigationController+Papia.swift in Sources */,
				8AA903BD2BDFBA9D00D553A9 /* WrappingHStack.swift in Sources */,
				8A2643AA2D061CB700CE7447 /* FullSizePapiaIcon.swift in Sources */,
				8A80163B2BE0DBD2005DEE89 /* SearchContentUnavailableView.swift in Sources */,
				8AC220C62D4A431E001F76C4 /* HighlightAttribute.swift in Sources */,
				8AA903B92BDFB84C00D553A9 /* ProgressIcon.swift in Sources */,
				8AA9037C2BDF940C00D553A9 /* Pa_piaApp.swift in Sources */,
				8A7F17D52E8291650094CD3F /* ToolbarButtonsGroup.swift in Sources */,
				8A7F17D32E8291550094CD3F /* ToolbarButtonComponent.swift in Sources */,
				8AA903B72BDFB83C00D553A9 /* SearchProgress.swift in Sources */,
				8A7F17CF2E82913F0094CD3F /* PrimaryButtonModifier.swift in Sources */,
				8A8016372BE0D764005DEE89 /* WordView.swift in Sources */,
				8A675EB72C11D9870018B028 /* KeyboardKey.swift in Sources */,
				8AA903B52BDFAFE200D553A9 /* IndeterminateProgressView.swift in Sources */,
				8A7F17DD2E8295EE0094CD3F /* iOSContentViewAdjustmentsView.swift in Sources */,
			);
			runOnlyForDeploymentPostprocessing = 0;
		};
		8AA903872BDF940D00D553A9 /* Sources */ = {
			isa = PBXSourcesBuildPhase;
			buildActionMask = 2147483647;
			files = (
			);
			runOnlyForDeploymentPostprocessing = 0;
		};
		8AA903912BDF940D00D553A9 /* Sources */ = {
			isa = PBXSourcesBuildPhase;
			buildActionMask = 2147483647;
			files = (
			);
			runOnlyForDeploymentPostprocessing = 0;
		};
/* End PBXSourcesBuildPhase section */

/* Begin PBXTargetDependency section */
		8AA9038D2BDF940D00D553A9 /* PBXTargetDependency */ = {
			isa = PBXTargetDependency;
			target = 8AA903772BDF940C00D553A9 /* Pápia */;
			targetProxy = 8AA9038C2BDF940D00D553A9 /* PBXContainerItemProxy */;
		};
		8AA903972BDF940D00D553A9 /* PBXTargetDependency */ = {
			isa = PBXTargetDependency;
			target = 8AA903772BDF940C00D553A9 /* Pápia */;
			targetProxy = 8AA903962BDF940D00D553A9 /* PBXContainerItemProxy */;
		};
/* End PBXTargetDependency section */

/* Begin XCBuildConfiguration section */
		8AA9039D2BDF940D00D553A9 /* Debug */ = {
			isa = XCBuildConfiguration;
			buildSettings = {
				ALWAYS_SEARCH_USER_PATHS = NO;
				ASSETCATALOG_COMPILER_GENERATE_SWIFT_ASSET_SYMBOL_EXTENSIONS = YES;
				CLANG_ANALYZER_NONNULL = YES;
				CLANG_ANALYZER_NUMBER_OBJECT_CONVERSION = YES_AGGRESSIVE;
				CLANG_CXX_LANGUAGE_STANDARD = "gnu++20";
				CLANG_ENABLE_MODULES = YES;
				CLANG_ENABLE_OBJC_ARC = YES;
				CLANG_ENABLE_OBJC_WEAK = YES;
				CLANG_WARN_BLOCK_CAPTURE_AUTORELEASING = YES;
				CLANG_WARN_BOOL_CONVERSION = YES;
				CLANG_WARN_COMMA = YES;
				CLANG_WARN_CONSTANT_CONVERSION = YES;
				CLANG_WARN_DEPRECATED_OBJC_IMPLEMENTATIONS = YES;
				CLANG_WARN_DIRECT_OBJC_ISA_USAGE = YES_ERROR;
				CLANG_WARN_DOCUMENTATION_COMMENTS = YES;
				CLANG_WARN_EMPTY_BODY = YES;
				CLANG_WARN_ENUM_CONVERSION = YES;
				CLANG_WARN_INFINITE_RECURSION = YES;
				CLANG_WARN_INT_CONVERSION = YES;
				CLANG_WARN_NON_LITERAL_NULL_CONVERSION = YES;
				CLANG_WARN_OBJC_IMPLICIT_RETAIN_SELF = YES;
				CLANG_WARN_OBJC_LITERAL_CONVERSION = YES;
				CLANG_WARN_OBJC_ROOT_CLASS = YES_ERROR;
				CLANG_WARN_QUOTED_INCLUDE_IN_FRAMEWORK_HEADER = YES;
				CLANG_WARN_RANGE_LOOP_ANALYSIS = YES;
				CLANG_WARN_STRICT_PROTOTYPES = YES;
				CLANG_WARN_SUSPICIOUS_MOVE = YES;
				CLANG_WARN_UNGUARDED_AVAILABILITY = YES_AGGRESSIVE;
				CLANG_WARN_UNREACHABLE_CODE = YES;
				CLANG_WARN__DUPLICATE_METHOD_MATCH = YES;
				COPY_PHASE_STRIP = NO;
				DEAD_CODE_STRIPPING = YES;
				DEBUG_INFORMATION_FORMAT = dwarf;
				ENABLE_STRICT_OBJC_MSGSEND = YES;
				ENABLE_TESTABILITY = YES;
				ENABLE_USER_SCRIPT_SANDBOXING = YES;
				GCC_C_LANGUAGE_STANDARD = gnu17;
				GCC_DYNAMIC_NO_PIC = NO;
				GCC_NO_COMMON_BLOCKS = YES;
				GCC_OPTIMIZATION_LEVEL = 0;
				GCC_PREPROCESSOR_DEFINITIONS = (
					"DEBUG=1",
					"$(inherited)",
				);
				GCC_WARN_64_TO_32_BIT_CONVERSION = YES;
				GCC_WARN_ABOUT_RETURN_TYPE = YES_ERROR;
				GCC_WARN_UNDECLARED_SELECTOR = YES;
				GCC_WARN_UNINITIALIZED_AUTOS = YES_AGGRESSIVE;
				GCC_WARN_UNUSED_FUNCTION = YES;
				GCC_WARN_UNUSED_VARIABLE = YES;
				LOCALIZATION_PREFERS_STRING_CATALOGS = YES;
				MTL_ENABLE_DEBUG_INFO = INCLUDE_SOURCE;
				MTL_FAST_MATH = YES;
				ONLY_ACTIVE_ARCH = YES;
				SWIFT_ACTIVE_COMPILATION_CONDITIONS = "DEBUG $(inherited)";
				SWIFT_OPTIMIZATION_LEVEL = "-Onone";
			};
			name = Debug;
		};
		8AA9039E2BDF940D00D553A9 /* Release */ = {
			isa = XCBuildConfiguration;
			buildSettings = {
				ALWAYS_SEARCH_USER_PATHS = NO;
				ASSETCATALOG_COMPILER_GENERATE_SWIFT_ASSET_SYMBOL_EXTENSIONS = YES;
				CLANG_ANALYZER_NONNULL = YES;
				CLANG_ANALYZER_NUMBER_OBJECT_CONVERSION = YES_AGGRESSIVE;
				CLANG_CXX_LANGUAGE_STANDARD = "gnu++20";
				CLANG_ENABLE_MODULES = YES;
				CLANG_ENABLE_OBJC_ARC = YES;
				CLANG_ENABLE_OBJC_WEAK = YES;
				CLANG_WARN_BLOCK_CAPTURE_AUTORELEASING = YES;
				CLANG_WARN_BOOL_CONVERSION = YES;
				CLANG_WARN_COMMA = YES;
				CLANG_WARN_CONSTANT_CONVERSION = YES;
				CLANG_WARN_DEPRECATED_OBJC_IMPLEMENTATIONS = YES;
				CLANG_WARN_DIRECT_OBJC_ISA_USAGE = YES_ERROR;
				CLANG_WARN_DOCUMENTATION_COMMENTS = YES;
				CLANG_WARN_EMPTY_BODY = YES;
				CLANG_WARN_ENUM_CONVERSION = YES;
				CLANG_WARN_INFINITE_RECURSION = YES;
				CLANG_WARN_INT_CONVERSION = YES;
				CLANG_WARN_NON_LITERAL_NULL_CONVERSION = YES;
				CLANG_WARN_OBJC_IMPLICIT_RETAIN_SELF = YES;
				CLANG_WARN_OBJC_LITERAL_CONVERSION = YES;
				CLANG_WARN_OBJC_ROOT_CLASS = YES_ERROR;
				CLANG_WARN_QUOTED_INCLUDE_IN_FRAMEWORK_HEADER = YES;
				CLANG_WARN_RANGE_LOOP_ANALYSIS = YES;
				CLANG_WARN_STRICT_PROTOTYPES = YES;
				CLANG_WARN_SUSPICIOUS_MOVE = YES;
				CLANG_WARN_UNGUARDED_AVAILABILITY = YES_AGGRESSIVE;
				CLANG_WARN_UNREACHABLE_CODE = YES;
				CLANG_WARN__DUPLICATE_METHOD_MATCH = YES;
				COPY_PHASE_STRIP = NO;
				DEAD_CODE_STRIPPING = YES;
				DEBUG_INFORMATION_FORMAT = "dwarf-with-dsym";
				ENABLE_NS_ASSERTIONS = NO;
				ENABLE_STRICT_OBJC_MSGSEND = YES;
				ENABLE_USER_SCRIPT_SANDBOXING = YES;
				GCC_C_LANGUAGE_STANDARD = gnu17;
				GCC_NO_COMMON_BLOCKS = YES;
				GCC_WARN_64_TO_32_BIT_CONVERSION = YES;
				GCC_WARN_ABOUT_RETURN_TYPE = YES_ERROR;
				GCC_WARN_UNDECLARED_SELECTOR = YES;
				GCC_WARN_UNINITIALIZED_AUTOS = YES_AGGRESSIVE;
				GCC_WARN_UNUSED_FUNCTION = YES;
				GCC_WARN_UNUSED_VARIABLE = YES;
				LOCALIZATION_PREFERS_STRING_CATALOGS = YES;
				MTL_ENABLE_DEBUG_INFO = NO;
				MTL_FAST_MATH = YES;
				SWIFT_COMPILATION_MODE = wholemodule;
			};
			name = Release;
		};
		8AA903A02BDF940D00D553A9 /* Debug */ = {
			isa = XCBuildConfiguration;
			buildSettings = {
				ASSETCATALOG_COMPILER_APPICON_NAME = "AppIcon-Beta";
				ASSETCATALOG_COMPILER_GLOBAL_ACCENT_COLOR_NAME = AccentColor;
				CODE_SIGN_ENTITLEMENTS = "Pápia/Pa_pia.entitlements";
				CODE_SIGN_STYLE = Automatic;
				CURRENT_PROJECT_VERSION = 1;
				DEAD_CODE_STRIPPING = YES;
				DEVELOPMENT_ASSET_PATHS = "\"Pápia/Preview Content\"";
				DEVELOPMENT_TEAM = RT5BSWJB4U;
				ENABLE_HARDENED_RUNTIME = YES;
				ENABLE_PREVIEWS = YES;
				GENERATE_INFOPLIST_FILE = YES;
				INFOPLIST_FILE = "Pa-pia-Info.plist";
				INFOPLIST_KEY_CFBundleDisplayName = "Pápia";
				INFOPLIST_KEY_LSApplicationCategoryType = "public.app-category.lifestyle";
				"INFOPLIST_KEY_UIApplicationSceneManifest_Generation[sdk=iphoneos*]" = YES;
				"INFOPLIST_KEY_UIApplicationSceneManifest_Generation[sdk=iphonesimulator*]" = YES;
				"INFOPLIST_KEY_UIApplicationSupportsIndirectInputEvents[sdk=iphoneos*]" = YES;
				"INFOPLIST_KEY_UIApplicationSupportsIndirectInputEvents[sdk=iphonesimulator*]" = YES;
				"INFOPLIST_KEY_UILaunchScreen_Generation[sdk=iphoneos*]" = YES;
				"INFOPLIST_KEY_UILaunchScreen_Generation[sdk=iphonesimulator*]" = YES;
				"INFOPLIST_KEY_UIStatusBarStyle[sdk=iphoneos*]" = UIStatusBarStyleDefault;
				"INFOPLIST_KEY_UIStatusBarStyle[sdk=iphonesimulator*]" = UIStatusBarStyleDefault;
				INFOPLIST_KEY_UISupportedInterfaceOrientations_iPad = "UIInterfaceOrientationPortrait UIInterfaceOrientationPortraitUpsideDown UIInterfaceOrientationLandscapeLeft UIInterfaceOrientationLandscapeRight";
				INFOPLIST_KEY_UISupportedInterfaceOrientations_iPhone = "UIInterfaceOrientationPortrait UIInterfaceOrientationLandscapeLeft UIInterfaceOrientationLandscapeRight";
				IPHONEOS_DEPLOYMENT_TARGET = 18.0;
				LD_RUNPATH_SEARCH_PATHS = "@executable_path/Frameworks";
				"LD_RUNPATH_SEARCH_PATHS[sdk=macosx*]" = "@executable_path/../Frameworks";
				MACOSX_DEPLOYMENT_TARGET = 15.0;
				MARKETING_VERSION = 1.0;
				PRODUCT_BUNDLE_IDENTIFIER = "com.stefkors.Pa-pia";
				PRODUCT_NAME = "$(TARGET_NAME)";
				SDKROOT = auto;
				SUPPORTED_PLATFORMS = "iphoneos iphonesimulator macosx";
				SUPPORTS_MACCATALYST = NO;
				SWIFT_EMIT_LOC_STRINGS = YES;
				SWIFT_VERSION = 5.0;
				TARGETED_DEVICE_FAMILY = 1;
			};
			name = Debug;
		};
		8AA903A12BDF940D00D553A9 /* Release */ = {
			isa = XCBuildConfiguration;
			buildSettings = {
				ASSETCATALOG_COMPILER_APPICON_NAME = AppIcon;
				ASSETCATALOG_COMPILER_GLOBAL_ACCENT_COLOR_NAME = AccentColor;
				CODE_SIGN_ENTITLEMENTS = "Pápia/Pa_pia.entitlements";
				CODE_SIGN_STYLE = Automatic;
				CURRENT_PROJECT_VERSION = 1;
				DEAD_CODE_STRIPPING = YES;
				DEVELOPMENT_ASSET_PATHS = "\"Pápia/Preview Content\"";
				DEVELOPMENT_TEAM = RT5BSWJB4U;
				ENABLE_HARDENED_RUNTIME = YES;
				ENABLE_PREVIEWS = YES;
				GENERATE_INFOPLIST_FILE = YES;
				INFOPLIST_FILE = "Pa-pia-Info.plist";
				INFOPLIST_KEY_CFBundleDisplayName = "Pápia";
				INFOPLIST_KEY_LSApplicationCategoryType = "public.app-category.lifestyle";
				"INFOPLIST_KEY_UIApplicationSceneManifest_Generation[sdk=iphoneos*]" = YES;
				"INFOPLIST_KEY_UIApplicationSceneManifest_Generation[sdk=iphonesimulator*]" = YES;
				"INFOPLIST_KEY_UIApplicationSupportsIndirectInputEvents[sdk=iphoneos*]" = YES;
				"INFOPLIST_KEY_UIApplicationSupportsIndirectInputEvents[sdk=iphonesimulator*]" = YES;
				"INFOPLIST_KEY_UILaunchScreen_Generation[sdk=iphoneos*]" = YES;
				"INFOPLIST_KEY_UILaunchScreen_Generation[sdk=iphonesimulator*]" = YES;
				"INFOPLIST_KEY_UIStatusBarStyle[sdk=iphoneos*]" = UIStatusBarStyleDefault;
				"INFOPLIST_KEY_UIStatusBarStyle[sdk=iphonesimulator*]" = UIStatusBarStyleDefault;
				INFOPLIST_KEY_UISupportedInterfaceOrientations_iPad = "UIInterfaceOrientationPortrait UIInterfaceOrientationPortraitUpsideDown UIInterfaceOrientationLandscapeLeft UIInterfaceOrientationLandscapeRight";
				INFOPLIST_KEY_UISupportedInterfaceOrientations_iPhone = "UIInterfaceOrientationPortrait UIInterfaceOrientationLandscapeLeft UIInterfaceOrientationLandscapeRight";
				IPHONEOS_DEPLOYMENT_TARGET = 18.0;
				LD_RUNPATH_SEARCH_PATHS = "@executable_path/Frameworks";
				"LD_RUNPATH_SEARCH_PATHS[sdk=macosx*]" = "@executable_path/../Frameworks";
				MACOSX_DEPLOYMENT_TARGET = 15.0;
				MARKETING_VERSION = 1.0;
				PRODUCT_BUNDLE_IDENTIFIER = "com.stefkors.Pa-pia";
				PRODUCT_NAME = "$(TARGET_NAME)";
				SDKROOT = auto;
				SUPPORTED_PLATFORMS = "iphoneos iphonesimulator macosx";
				SUPPORTS_MACCATALYST = NO;
				SWIFT_EMIT_LOC_STRINGS = YES;
				SWIFT_VERSION = 5.0;
				TARGETED_DEVICE_FAMILY = 1;
			};
			name = Release;
		};
		8AA903A32BDF940D00D553A9 /* Debug */ = {
			isa = XCBuildConfiguration;
			buildSettings = {
				BUNDLE_LOADER = "$(TEST_HOST)";
				CODE_SIGN_STYLE = Automatic;
				CURRENT_PROJECT_VERSION = 1;
				DEAD_CODE_STRIPPING = YES;
				DEVELOPMENT_TEAM = RT5BSWJB4U;
				GENERATE_INFOPLIST_FILE = YES;
				IPHONEOS_DEPLOYMENT_TARGET = 17.4;
				MACOSX_DEPLOYMENT_TARGET = 14.4;
				MARKETING_VERSION = 1.0;
				PRODUCT_BUNDLE_IDENTIFIER = "com.stefkors.Pa-piaTests";
				PRODUCT_NAME = "$(TARGET_NAME)";
				SDKROOT = auto;
				SUPPORTED_PLATFORMS = "iphoneos iphonesimulator macosx";
				SWIFT_EMIT_LOC_STRINGS = NO;
				SWIFT_VERSION = 5.0;
				TARGETED_DEVICE_FAMILY = "1,2";
				TEST_HOST = "$(BUILT_PRODUCTS_DIR)/Pápia.app/$(BUNDLE_EXECUTABLE_FOLDER_PATH)/Pápia";
			};
			name = Debug;
		};
		8AA903A42BDF940D00D553A9 /* Release */ = {
			isa = XCBuildConfiguration;
			buildSettings = {
				BUNDLE_LOADER = "$(TEST_HOST)";
				CODE_SIGN_STYLE = Automatic;
				CURRENT_PROJECT_VERSION = 1;
				DEAD_CODE_STRIPPING = YES;
				DEVELOPMENT_TEAM = RT5BSWJB4U;
				GENERATE_INFOPLIST_FILE = YES;
				IPHONEOS_DEPLOYMENT_TARGET = 17.4;
				MACOSX_DEPLOYMENT_TARGET = 14.4;
				MARKETING_VERSION = 1.0;
				PRODUCT_BUNDLE_IDENTIFIER = "com.stefkors.Pa-piaTests";
				PRODUCT_NAME = "$(TARGET_NAME)";
				SDKROOT = auto;
				SUPPORTED_PLATFORMS = "iphoneos iphonesimulator macosx";
				SWIFT_EMIT_LOC_STRINGS = NO;
				SWIFT_VERSION = 5.0;
				TARGETED_DEVICE_FAMILY = "1,2";
				TEST_HOST = "$(BUILT_PRODUCTS_DIR)/Pápia.app/$(BUNDLE_EXECUTABLE_FOLDER_PATH)/Pápia";
			};
			name = Release;
		};
		8AA903A62BDF940D00D553A9 /* Debug */ = {
			isa = XCBuildConfiguration;
			buildSettings = {
				CODE_SIGN_STYLE = Automatic;
				CURRENT_PROJECT_VERSION = 1;
				DEAD_CODE_STRIPPING = YES;
				DEVELOPMENT_TEAM = RT5BSWJB4U;
				GENERATE_INFOPLIST_FILE = YES;
				IPHONEOS_DEPLOYMENT_TARGET = 17.4;
				MACOSX_DEPLOYMENT_TARGET = 14.4;
				MARKETING_VERSION = 1.0;
				PRODUCT_BUNDLE_IDENTIFIER = "com.stefkors.Pa-piaUITests";
				PRODUCT_NAME = "$(TARGET_NAME)";
				SDKROOT = auto;
				SUPPORTED_PLATFORMS = "iphoneos iphonesimulator macosx";
				SWIFT_EMIT_LOC_STRINGS = NO;
				SWIFT_VERSION = 5.0;
				TARGETED_DEVICE_FAMILY = "1,2";
				TEST_TARGET_NAME = "Pápia";
			};
			name = Debug;
		};
		8AA903A72BDF940D00D553A9 /* Release */ = {
			isa = XCBuildConfiguration;
			buildSettings = {
				CODE_SIGN_STYLE = Automatic;
				CURRENT_PROJECT_VERSION = 1;
				DEAD_CODE_STRIPPING = YES;
				DEVELOPMENT_TEAM = RT5BSWJB4U;
				GENERATE_INFOPLIST_FILE = YES;
				IPHONEOS_DEPLOYMENT_TARGET = 17.4;
				MACOSX_DEPLOYMENT_TARGET = 14.4;
				MARKETING_VERSION = 1.0;
				PRODUCT_BUNDLE_IDENTIFIER = "com.stefkors.Pa-piaUITests";
				PRODUCT_NAME = "$(TARGET_NAME)";
				SDKROOT = auto;
				SUPPORTED_PLATFORMS = "iphoneos iphonesimulator macosx";
				SWIFT_EMIT_LOC_STRINGS = NO;
				SWIFT_VERSION = 5.0;
				TARGETED_DEVICE_FAMILY = "1,2";
				TEST_TARGET_NAME = "Pápia";
			};
			name = Release;
		};
/* End XCBuildConfiguration section */

/* Begin XCConfigurationList section */
		8AA903732BDF940C00D553A9 /* Build configuration list for PBXProject "Pápia" */ = {
			isa = XCConfigurationList;
			buildConfigurations = (
				8AA9039D2BDF940D00D553A9 /* Debug */,
				8AA9039E2BDF940D00D553A9 /* Release */,
			);
			defaultConfigurationIsVisible = 0;
			defaultConfigurationName = Release;
		};
		8AA9039F2BDF940D00D553A9 /* Build configuration list for PBXNativeTarget "Pápia" */ = {
			isa = XCConfigurationList;
			buildConfigurations = (
				8AA903A02BDF940D00D553A9 /* Debug */,
				8AA903A12BDF940D00D553A9 /* Release */,
			);
			defaultConfigurationIsVisible = 0;
			defaultConfigurationName = Release;
		};
		8AA903A22BDF940D00D553A9 /* Build configuration list for PBXNativeTarget "PápiaTests" */ = {
			isa = XCConfigurationList;
			buildConfigurations = (
				8AA903A32BDF940D00D553A9 /* Debug */,
				8AA903A42BDF940D00D553A9 /* Release */,
			);
			defaultConfigurationIsVisible = 0;
			defaultConfigurationName = Release;
		};
		8AA903A52BDF940D00D553A9 /* Build configuration list for PBXNativeTarget "PápiaUITests" */ = {
			isa = XCConfigurationList;
			buildConfigurations = (
				8AA903A62BDF940D00D553A9 /* Debug */,
				8AA903A72BDF940D00D553A9 /* Release */,
			);
			defaultConfigurationIsVisible = 0;
			defaultConfigurationName = Release;
		};
/* End XCConfigurationList section */

/* Begin XCRemoteSwiftPackageReference section */
		8AA903A82BDF982700D553A9 /* XCRemoteSwiftPackageReference "Get" */ = {
			isa = XCRemoteSwiftPackageReference;
			repositoryURL = "https://github.com/kean/Get.git";
			requirement = {
				kind = upToNextMajorVersion;
				minimumVersion = 2.2.0;
			};
		};
/* End XCRemoteSwiftPackageReference section */

/* Begin XCSwiftPackageProductDependency section */
		8AA903AA2BDF993500D553A9 /* Get */ = {
			isa = XCSwiftPackageProductDependency;
			package = 8AA903A82BDF982700D553A9 /* XCRemoteSwiftPackageReference "Get" */;
			productName = Get;
		};
		8AA903AC2BDF993A00D553A9 /* Get */ = {
			isa = XCSwiftPackageProductDependency;
			package = 8AA903A82BDF982700D553A9 /* XCRemoteSwiftPackageReference "Get" */;
			productName = Get;
		};
		8AA903AE2BDF993D00D553A9 /* Get */ = {
			isa = XCSwiftPackageProductDependency;
			package = 8AA903A82BDF982700D553A9 /* XCRemoteSwiftPackageReference "Get" */;
			productName = Get;
		};
/* End XCSwiftPackageProductDependency section */
	};
	rootObject = 8AA903702BDF940C00D553A9 /* Project object */;
}
